
Microsoft Visual Studio Solution File, Format Version 12.00
# Visual Studio Version 17
VisualStudioVersion = 17.7.34003.232
MinimumVisualStudioVersion = 10.0.40219.1
Project("{FAE04EC0-301F-11D3-BF4B-00C04F79EFBC}") = "01 GroupingGridView", "01 GroupingGridView\01 GroupingGridView.csproj", "{A1577CF0-3F4B-4772-9C66-A6BDEC9C3F55}"
EndProject
Project("{FAE04EC0-301F-11D3-BF4B-00C04F79EFBC}") = "02 TreeView", "02 TreeView\02 TreeView.csproj", "{92A21339-1A34-45CA-B104-23257C238703}"
EndProject
Project("{FAE04EC0-301F-11D3-BF4B-00C04F79EFBC}") = "03 Options", "03 Options\03 Options.csproj", "{8D207EAF-D5CE-4216-B14D-6F193A7474AF}"
EndProject
Project("{FAE04EC0-301F-11D3-BF4B-00C04F79EFBC}") = "04 BroadFileSystemAccess", "04 BroadFileSystemAccess\04 BroadFileSystemAccess.csproj", "{79BB494E-ACF9-46A3-85FF-F633F829DCBD}"
EndProject
Project("{FAE04EC0-301F-11D3-BF4B-00C04F79EFBC}") = "05 ConsoleApp", "05 ConsoleApp\05 ConsoleApp.csproj", "{1DB65334-348E-4F22-8194-B3155AA6133B}"
EndProject
Project("{FAE04EC0-301F-11D3-BF4B-00C04F79EFBC}") = "06 Win2D TextLayout", "06 Win2D TextLayout\06 Win2D TextLayout.csproj", "{8EF0D340-59B6-41D5-8B2A-C289F82D7CA0}"
EndProject
Project("{FAE04EC0-301F-11D3-BF4B-00C04F79EFBC}") = "07 ClipboardCleaner", "07 ClipboardCleaner\07 ClipboardCleaner.csproj", "{843DF834-7C49-459A-915C-B7D1016A4BDB}"
EndProject
Global
	GlobalSection(SolutionConfigurationPlatforms) = preSolution
		Debug|ARM = Debug|ARM
		Debug|ARM64 = Debug|ARM64
		Debug|x64 = Debug|x64
		Debug|x86 = Debug|x86
		Release|ARM = Release|ARM
		Release|ARM64 = Release|ARM64
		Release|x64 = Release|x64
		Release|x86 = Release|x86
	EndGlobalSection
	GlobalSection(ProjectConfigurationPlatforms) = postSolution
		{A1577CF0-3F4B-4772-9C66-A6BDEC9C3F55}.Debug|ARM.ActiveCfg = Debug|ARM
		{A1577CF0-3F4B-4772-9C66-A6BDEC9C3F55}.Debug|ARM.Build.0 = Debug|ARM
		{A1577CF0-3F4B-4772-9C66-A6BDEC9C3F55}.Debug|ARM.Deploy.0 = Debug|ARM
		{A1577CF0-3F4B-4772-9C66-A6BDEC9C3F55}.Debug|ARM64.ActiveCfg = Debug|x64
		{A1577CF0-3F4B-4772-9C66-A6BDEC9C3F55}.Debug|ARM64.Build.0 = Debug|x64
		{A1577CF0-3F4B-4772-9C66-A6BDEC9C3F55}.Debug|ARM64.Deploy.0 = Debug|x64
		{A1577CF0-3F4B-4772-9C66-A6BDEC9C3F55}.Debug|x64.ActiveCfg = Debug|x64
		{A1577CF0-3F4B-4772-9C66-A6BDEC9C3F55}.Debug|x64.Build.0 = Debug|x64
		{A1577CF0-3F4B-4772-9C66-A6BDEC9C3F55}.Debug|x64.Deploy.0 = Debug|x64
		{A1577CF0-3F4B-4772-9C66-A6BDEC9C3F55}.Debug|x86.ActiveCfg = Debug|x86
		{A1577CF0-3F4B-4772-9C66-A6BDEC9C3F55}.Debug|x86.Build.0 = Debug|x86
		{A1577CF0-3F4B-4772-9C66-A6BDEC9C3F55}.Debug|x86.Deploy.0 = Debug|x86
		{A1577CF0-3F4B-4772-9C66-A6BDEC9C3F55}.Release|ARM.ActiveCfg = Release|ARM
		{A1577CF0-3F4B-4772-9C66-A6BDEC9C3F55}.Release|ARM.Build.0 = Release|ARM
		{A1577CF0-3F4B-4772-9C66-A6BDEC9C3F55}.Release|ARM.Deploy.0 = Release|ARM
		{A1577CF0-3F4B-4772-9C66-A6BDEC9C3F55}.Release|ARM64.ActiveCfg = Release|x64
		{A1577CF0-3F4B-4772-9C66-A6BDEC9C3F55}.Release|ARM64.Build.0 = Release|x64
		{A1577CF0-3F4B-4772-9C66-A6BDEC9C3F55}.Release|ARM64.Deploy.0 = Release|x64
		{A1577CF0-3F4B-4772-9C66-A6BDEC9C3F55}.Release|x64.ActiveCfg = Release|x64
		{A1577CF0-3F4B-4772-9C66-A6BDEC9C3F55}.Release|x64.Build.0 = Release|x64
		{A1577CF0-3F4B-4772-9C66-A6BDEC9C3F55}.Release|x64.Deploy.0 = Release|x64
		{A1577CF0-3F4B-4772-9C66-A6BDEC9C3F55}.Release|x86.ActiveCfg = Release|x86
		{A1577CF0-3F4B-4772-9C66-A6BDEC9C3F55}.Release|x86.Build.0 = Release|x86
		{A1577CF0-3F4B-4772-9C66-A6BDEC9C3F55}.Release|x86.Deploy.0 = Release|x86
		{92A21339-1A34-45CA-B104-23257C238703}.Debug|ARM.ActiveCfg = Debug|ARM
		{92A21339-1A34-45CA-B104-23257C238703}.Debug|ARM.Build.0 = Debug|ARM
		{92A21339-1A34-45CA-B104-23257C238703}.Debug|ARM.Deploy.0 = Debug|ARM
		{92A21339-1A34-45CA-B104-23257C238703}.Debug|ARM64.ActiveCfg = Debug|x64
		{92A21339-1A34-45CA-B104-23257C238703}.Debug|ARM64.Build.0 = Debug|x64
		{92A21339-1A34-45CA-B104-23257C238703}.Debug|ARM64.Deploy.0 = Debug|x64
		{92A21339-1A34-45CA-B104-23257C238703}.Debug|x64.ActiveCfg = Debug|x64
		{92A21339-1A34-45CA-B104-23257C238703}.Debug|x64.Build.0 = Debug|x64
		{92A21339-1A34-45CA-B104-23257C238703}.Debug|x64.Deploy.0 = Debug|x64
		{92A21339-1A34-45CA-B104-23257C238703}.Debug|x86.ActiveCfg = Debug|x86
		{92A21339-1A34-45CA-B104-23257C238703}.Debug|x86.Build.0 = Debug|x86
		{92A21339-1A34-45CA-B104-23257C238703}.Debug|x86.Deploy.0 = Debug|x86
		{92A21339-1A34-45CA-B104-23257C238703}.Release|ARM.ActiveCfg = Release|ARM
		{92A21339-1A34-45CA-B104-23257C238703}.Release|ARM.Build.0 = Release|ARM
		{92A21339-1A34-45CA-B104-23257C238703}.Release|ARM.Deploy.0 = Release|ARM
		{92A21339-1A34-45CA-B104-23257C238703}.Release|ARM64.ActiveCfg = Release|x64
		{92A21339-1A34-45CA-B104-23257C238703}.Release|ARM64.Build.0 = Release|x64
		{92A21339-1A34-45CA-B104-23257C238703}.Release|ARM64.Deploy.0 = Release|x64
		{92A21339-1A34-45CA-B104-23257C238703}.Release|x64.ActiveCfg = Release|x64
		{92A21339-1A34-45CA-B104-23257C238703}.Release|x64.Build.0 = Release|x64
		{92A21339-1A34-45CA-B104-23257C238703}.Release|x64.Deploy.0 = Release|x64
		{92A21339-1A34-45CA-B104-23257C238703}.Release|x86.ActiveCfg = Release|x86
		{92A21339-1A34-45CA-B104-23257C238703}.Release|x86.Build.0 = Release|x86
		{92A21339-1A34-45CA-B104-23257C238703}.Release|x86.Deploy.0 = Release|x86
		{8D207EAF-D5CE-4216-B14D-6F193A7474AF}.Debug|ARM.ActiveCfg = Debug|ARM
		{8D207EAF-D5CE-4216-B14D-6F193A7474AF}.Debug|ARM.Build.0 = Debug|ARM
		{8D207EAF-D5CE-4216-B14D-6F193A7474AF}.Debug|ARM.Deploy.0 = Debug|ARM
		{8D207EAF-D5CE-4216-B14D-6F193A7474AF}.Debug|ARM64.ActiveCfg = Debug|x64
		{8D207EAF-D5CE-4216-B14D-6F193A7474AF}.Debug|ARM64.Build.0 = Debug|x64
		{8D207EAF-D5CE-4216-B14D-6F193A7474AF}.Debug|ARM64.Deploy.0 = Debug|x64
		{8D207EAF-D5CE-4216-B14D-6F193A7474AF}.Debug|x64.ActiveCfg = Debug|x64
		{8D207EAF-D5CE-4216-B14D-6F193A7474AF}.Debug|x64.Build.0 = Debug|x64
		{8D207EAF-D5CE-4216-B14D-6F193A7474AF}.Debug|x64.Deploy.0 = Debug|x64
		{8D207EAF-D5CE-4216-B14D-6F193A7474AF}.Debug|x86.ActiveCfg = Debug|x86
		{8D207EAF-D5CE-4216-B14D-6F193A7474AF}.Debug|x86.Build.0 = Debug|x86
		{8D207EAF-D5CE-4216-B14D-6F193A7474AF}.Debug|x86.Deploy.0 = Debug|x86
		{8D207EAF-D5CE-4216-B14D-6F193A7474AF}.Release|ARM.ActiveCfg = Release|ARM
		{8D207EAF-D5CE-4216-B14D-6F193A7474AF}.Release|ARM.Build.0 = Release|ARM
		{8D207EAF-D5CE-4216-B14D-6F193A7474AF}.Release|ARM.Deploy.0 = Release|ARM
		{8D207EAF-D5CE-4216-B14D-6F193A7474AF}.Release|ARM64.ActiveCfg = Release|x64
		{8D207EAF-D5CE-4216-B14D-6F193A7474AF}.Release|ARM64.Build.0 = Release|x64
		{8D207EAF-D5CE-4216-B14D-6F193A7474AF}.Release|ARM64.Deploy.0 = Release|x64
		{8D207EAF-D5CE-4216-B14D-6F193A7474AF}.Release|x64.ActiveCfg = Release|x64
		{8D207EAF-D5CE-4216-B14D-6F193A7474AF}.Release|x64.Build.0 = Release|x64
		{8D207EAF-D5CE-4216-B14D-6F193A7474AF}.Release|x64.Deploy.0 = Release|x64
		{8D207EAF-D5CE-4216-B14D-6F193A7474AF}.Release|x86.ActiveCfg = Release|x86
		{8D207EAF-D5CE-4216-B14D-6F193A7474AF}.Release|x86.Build.0 = Release|x86
		{8D207EAF-D5CE-4216-B14D-6F193A7474AF}.Release|x86.Deploy.0 = Release|x86
		{79BB494E-ACF9-46A3-85FF-F633F829DCBD}.Debug|ARM.ActiveCfg = Debug|ARM
		{79BB494E-ACF9-46A3-85FF-F633F829DCBD}.Debug|ARM.Build.0 = Debug|ARM
		{79BB494E-ACF9-46A3-85FF-F633F829DCBD}.Debug|ARM.Deploy.0 = Debug|ARM
		{79BB494E-ACF9-46A3-85FF-F633F829DCBD}.Debug|ARM64.ActiveCfg = Debug|x64
		{79BB494E-ACF9-46A3-85FF-F633F829DCBD}.Debug|ARM64.Build.0 = Debug|x64
		{79BB494E-ACF9-46A3-85FF-F633F829DCBD}.Debug|ARM64.Deploy.0 = Debug|x64
		{79BB494E-ACF9-46A3-85FF-F633F829DCBD}.Debug|x64.ActiveCfg = Debug|x64
		{79BB494E-ACF9-46A3-85FF-F633F829DCBD}.Debug|x64.Build.0 = Debug|x64
		{79BB494E-ACF9-46A3-85FF-F633F829DCBD}.Debug|x64.Deploy.0 = Debug|x64
		{79BB494E-ACF9-46A3-85FF-F633F829DCBD}.Debug|x86.ActiveCfg = Debug|x86
		{79BB494E-ACF9-46A3-85FF-F633F829DCBD}.Debug|x86.Build.0 = Debug|x86
		{79BB494E-ACF9-46A3-85FF-F633F829DCBD}.Debug|x86.Deploy.0 = Debug|x86
		{79BB494E-ACF9-46A3-85FF-F633F829DCBD}.Release|ARM.ActiveCfg = Release|ARM
		{79BB494E-ACF9-46A3-85FF-F633F829DCBD}.Release|ARM.Build.0 = Release|ARM
		{79BB494E-ACF9-46A3-85FF-F633F829DCBD}.Release|ARM.Deploy.0 = Release|ARM
		{79BB494E-ACF9-46A3-85FF-F633F829DCBD}.Release|ARM64.ActiveCfg = Release|x64
		{79BB494E-ACF9-46A3-85FF-F633F829DCBD}.Release|ARM64.Build.0 = Release|x64
		{79BB494E-ACF9-46A3-85FF-F633F829DCBD}.Release|ARM64.Deploy.0 = Release|x64
		{79BB494E-ACF9-46A3-85FF-F633F829DCBD}.Release|x64.ActiveCfg = Release|x64
		{79BB494E-ACF9-46A3-85FF-F633F829DCBD}.Release|x64.Build.0 = Release|x64
		{79BB494E-ACF9-46A3-85FF-F633F829DCBD}.Release|x64.Deploy.0 = Release|x64
		{79BB494E-ACF9-46A3-85FF-F633F829DCBD}.Release|x86.ActiveCfg = Release|x86
		{79BB494E-ACF9-46A3-85FF-F633F829DCBD}.Release|x86.Build.0 = Release|x86
		{79BB494E-ACF9-46A3-85FF-F633F829DCBD}.Release|x86.Deploy.0 = Release|x86
		{1DB65334-348E-4F22-8194-B3155AA6133B}.Debug|ARM.ActiveCfg = Debug|ARM
		{1DB65334-348E-4F22-8194-B3155AA6133B}.Debug|ARM.Build.0 = Debug|ARM
		{1DB65334-348E-4F22-8194-B3155AA6133B}.Debug|ARM.Deploy.0 = Debug|ARM
		{1DB65334-348E-4F22-8194-B3155AA6133B}.Debug|ARM64.ActiveCfg = Debug|x64
		{1DB65334-348E-4F22-8194-B3155AA6133B}.Debug|ARM64.Build.0 = Debug|x64
		{1DB65334-348E-4F22-8194-B3155AA6133B}.Debug|ARM64.Deploy.0 = Debug|x64
		{1DB65334-348E-4F22-8194-B3155AA6133B}.Debug|x64.ActiveCfg = Debug|x64
		{1DB65334-348E-4F22-8194-B3155AA6133B}.Debug|x64.Build.0 = Debug|x64
		{1DB65334-348E-4F22-8194-B3155AA6133B}.Debug|x64.Deploy.0 = Debug|x64
		{1DB65334-348E-4F22-8194-B3155AA6133B}.Debug|x86.ActiveCfg = Debug|x86
		{1DB65334-348E-4F22-8194-B3155AA6133B}.Debug|x86.Build.0 = Debug|x86
		{1DB65334-348E-4F22-8194-B3155AA6133B}.Debug|x86.Deploy.0 = Debug|x86
		{1DB65334-348E-4F22-8194-B3155AA6133B}.Release|ARM.ActiveCfg = Release|ARM
		{1DB65334-348E-4F22-8194-B3155AA6133B}.Release|ARM.Build.0 = Release|ARM
		{1DB65334-348E-4F22-8194-B3155AA6133B}.Release|ARM.Deploy.0 = Release|ARM
		{1DB65334-348E-4F22-8194-B3155AA6133B}.Release|ARM64.ActiveCfg = Release|x64
		{1DB65334-348E-4F22-8194-B3155AA6133B}.Release|ARM64.Build.0 = Release|x64
		{1DB65334-348E-4F22-8194-B3155AA6133B}.Release|ARM64.Deploy.0 = Release|x64
		{1DB65334-348E-4F22-8194-B3155AA6133B}.Release|x64.ActiveCfg = Release|x64
		{1DB65334-348E-4F22-8194-B3155AA6133B}.Release|x64.Build.0 = Release|x64
		{1DB65334-348E-4F22-8194-B3155AA6133B}.Release|x64.Deploy.0 = Release|x64
		{1DB65334-348E-4F22-8194-B3155AA6133B}.Release|x86.ActiveCfg = Release|x86
		{1DB65334-348E-4F22-8194-B3155AA6133B}.Release|x86.Build.0 = Release|x86
		{1DB65334-348E-4F22-8194-B3155AA6133B}.Release|x86.Deploy.0 = Release|x86
		{8EF0D340-59B6-41D5-8B2A-C289F82D7CA0}.Debug|ARM.ActiveCfg = Debug|ARM
		{8EF0D340-59B6-41D5-8B2A-C289F82D7CA0}.Debug|ARM.Build.0 = Debug|ARM
		{8EF0D340-59B6-41D5-8B2A-C289F82D7CA0}.Debug|ARM.Deploy.0 = Debug|ARM
		{8EF0D340-59B6-41D5-8B2A-C289F82D7CA0}.Debug|ARM64.ActiveCfg = Debug|ARM64
		{8EF0D340-59B6-41D5-8B2A-C289F82D7CA0}.Debug|ARM64.Build.0 = Debug|ARM64
		{8EF0D340-59B6-41D5-8B2A-C289F82D7CA0}.Debug|ARM64.Deploy.0 = Debug|ARM64
		{8EF0D340-59B6-41D5-8B2A-C289F82D7CA0}.Debug|x64.ActiveCfg = Debug|x64
		{8EF0D340-59B6-41D5-8B2A-C289F82D7CA0}.Debug|x64.Build.0 = Debug|x64
		{8EF0D340-59B6-41D5-8B2A-C289F82D7CA0}.Debug|x64.Deploy.0 = Debug|x64
		{8EF0D340-59B6-41D5-8B2A-C289F82D7CA0}.Debug|x86.ActiveCfg = Debug|x86
		{8EF0D340-59B6-41D5-8B2A-C289F82D7CA0}.Debug|x86.Build.0 = Debug|x86
		{8EF0D340-59B6-41D5-8B2A-C289F82D7CA0}.Debug|x86.Deploy.0 = Debug|x86
		{8EF0D340-59B6-41D5-8B2A-C289F82D7CA0}.Release|ARM.ActiveCfg = Release|ARM
		{8EF0D340-59B6-41D5-8B2A-C289F82D7CA0}.Release|ARM.Build.0 = Release|ARM
		{8EF0D340-59B6-41D5-8B2A-C289F82D7CA0}.Release|ARM.Deploy.0 = Release|ARM
		{8EF0D340-59B6-41D5-8B2A-C289F82D7CA0}.Release|ARM64.ActiveCfg = Release|ARM64
		{8EF0D340-59B6-41D5-8B2A-C289F82D7CA0}.Release|ARM64.Build.0 = Release|ARM64
		{8EF0D340-59B6-41D5-8B2A-C289F82D7CA0}.Release|ARM64.Deploy.0 = Release|ARM64
		{8EF0D340-59B6-41D5-8B2A-C289F82D7CA0}.Release|x64.ActiveCfg = Release|x64
		{8EF0D340-59B6-41D5-8B2A-C289F82D7CA0}.Release|x64.Build.0 = Release|x64
		{8EF0D340-59B6-41D5-8B2A-C289F82D7CA0}.Release|x64.Deploy.0 = Release|x64
		{8EF0D340-59B6-41D5-8B2A-C289F82D7CA0}.Release|x86.ActiveCfg = Release|x86
		{8EF0D340-59B6-41D5-8B2A-C289F82D7CA0}.Release|x86.Build.0 = Release|x86
		{8EF0D340-59B6-41D5-8B2A-C289F82D7CA0}.Release|x86.Deploy.0 = Release|x86
		{843DF834-7C49-459A-915C-B7D1016A4BDB}.Debug|ARM.ActiveCfg = Debug|ARM
		{843DF834-7C49-459A-915C-B7D1016A4BDB}.Debug|ARM.Build.0 = Debug|ARM
		{843DF834-7C49-459A-915C-B7D1016A4BDB}.Debug|ARM.Deploy.0 = Debug|ARM
		{843DF834-7C49-459A-915C-B7D1016A4BDB}.Debug|ARM64.ActiveCfg = Debug|ARM64
		{843DF834-7C49-459A-915C-B7D1016A4BDB}.Debug|ARM64.Build.0 = Debug|ARM64
		{843DF834-7C49-459A-915C-B7D1016A4BDB}.Debug|ARM64.Deploy.0 = Debug|ARM64
		{843DF834-7C49-459A-915C-B7D1016A4BDB}.Debug|x64.ActiveCfg = Debug|x64
		{843DF834-7C49-459A-915C-B7D1016A4BDB}.Debug|x64.Build.0 = Debug|x64
		{843DF834-7C49-459A-915C-B7D1016A4BDB}.Debug|x64.Deploy.0 = Debug|x64
		{843DF834-7C49-459A-915C-B7D1016A4BDB}.Debug|x86.ActiveCfg = Debug|x86
		{843DF834-7C49-459A-915C-B7D1016A4BDB}.Debug|x86.Build.0 = Debug|x86
		{843DF834-7C49-459A-915C-B7D1016A4BDB}.Debug|x86.Deploy.0 = Debug|x86
		{843DF834-7C49-459A-915C-B7D1016A4BDB}.Release|ARM.ActiveCfg = Release|ARM
		{843DF834-7C49-459A-915C-B7D1016A4BDB}.Release|ARM.Build.0 = Release|ARM
		{843DF834-7C49-459A-915C-B7D1016A4BDB}.Release|ARM.Deploy.0 = Release|ARM
		{843DF834-7C49-459A-915C-B7D1016A4BDB}.Release|ARM64.ActiveCfg = Release|ARM64
		{843DF834-7C49-459A-915C-B7D1016A4BDB}.Release|ARM64.Build.0 = Release|ARM64
		{843DF834-7C49-459A-915C-B7D1016A4BDB}.Release|ARM64.Deploy.0 = Release|ARM64
		{843DF834-7C49-459A-915C-B7D1016A4BDB}.Release|x64.ActiveCfg = Release|x64
		{843DF834-7C49-459A-915C-B7D1016A4BDB}.Release|x64.Build.0 = Release|x64
		{843DF834-7C49-459A-915C-B7D1016A4BDB}.Release|x64.Deploy.0 = Release|x64
		{843DF834-7C49-459A-915C-B7D1016A4BDB}.Release|x86.ActiveCfg = Release|x86
		{843DF834-7C49-459A-915C-B7D1016A4BDB}.Release|x86.Build.0 = Release|x86
		{843DF834-7C49-459A-915C-B7D1016A4BDB}.Release|x86.Deploy.0 = Release|x86
	EndGlobalSection
	GlobalSection(SolutionProperties) = preSolution
		HideSolutionNode = FALSE
	EndGlobalSection
	GlobalSection(ExtensibilityGlobals) = postSolution
		SolutionGuid = {B18F1854-2D0B-4971-9EB2-9C930E0E2621}
	EndGlobalSection
EndGlobal
